
Microsoft Visual Studio Solution File, Format Version 12.00
# Visual Studio Version 16
VisualStudioVersion = 16.0.28531.58
MinimumVisualStudioVersion = 10.0.40219.1
Project("{FAE04EC0-301F-11D3-BF4B-00C04F79EFBC}") = "FF.Banking", "FF.Banking\FF.Banking.csproj", "{807414FE-68A0-4D5D-921B-961201396994}"
EndProject
Project("{FAE04EC0-301F-11D3-BF4B-00C04F79EFBC}") = "FF.BankingTests", "FF.BankingTests\FF.BankingTests.csproj", "{EB2E82FE-E4F9-40EA-B1B5-90B36C2D26D3}"
EndProject
Global
	GlobalSection(SolutionConfigurationPlatforms) = preSolution
		Debug|Any CPU = Debug|Any CPU
		Release|Any CPU = Release|Any CPU
	EndGlobalSection
	GlobalSection(ProjectConfigurationPlatforms) = postSolution
		{807414FE-68A0-4D5D-921B-961201396994}.Debug|Any CPU.ActiveCfg = Debug|Any CPU
		{807414FE-68A0-4D5D-921B-961201396994}.Debug|Any CPU.Build.0 = Debug|Any CPU
		{807414FE-68A0-4D5D-921B-961201396994}.Release|Any CPU.ActiveCfg = Release|Any CPU
		{807414FE-68A0-4D5D-921B-961201396994}.Release|Any CPU.Build.0 = Release|Any CPU
		{EB2E82FE-E4F9-40EA-B1B5-90B36C2D26D3}.Debug|Any CPU.ActiveCfg = Debug|Any CPU
		{EB2E82FE-E4F9-40EA-B1B5-90B36C2D26D3}.Debug|Any CPU.Build.0 = Debug|Any CPU
		{EB2E82FE-E4F9-40EA-B1B5-90B36C2D26D3}.Release|Any CPU.ActiveCfg = Release|Any CPU
		{EB2E82FE-E4F9-40EA-B1B5-90B36C2D26D3}.Release|Any CPU.Build.0 = Release|Any CPU
	EndGlobalSection
	GlobalSection(SolutionProperties) = preSolution
		HideSolutionNode = FALSE
	EndGlobalSection
	GlobalSection(ExtensibilityGlobals) = postSolution
		SolutionGuid = {24A0AB4D-2C54-4F17-9AA8-B0FF8F8A3268}
	EndGlobalSection
EndGlobal
